
Microsoft Visual Studio Solution File, Format Version 12.00
# Visual Studio 15
VisualStudioVersion = 15.0.27703.2042
MinimumVisualStudioVersion = 10.0.40219.1
Project("{FAE04EC0-301F-11D3-BF4B-00C04F79EFBC}") = "TestProjects.Tests", "TestProjects.Tests\TestProjects.Tests.csproj", "{DCCFA5C8-B3E6-4023-8CAF-129A04E4FDD8}"
EndProject
Project("{FAE04EC0-301F-11D3-BF4B-00C04F79EFBC}") = "TestSamples", "TestSamples\TestSamples.csproj", "{22077595-F4DC-4B62-827C-523837FE9D9D}"
EndProject
Global
	GlobalSection(SolutionConfigurationPlatforms) = preSolution
		Debug|Any CPU = Debug|Any CPU
		Release|Any CPU = Release|Any CPU
	EndGlobalSection
	GlobalSection(ProjectConfigurationPlatforms) = postSolution
		{DCCFA5C8-B3E6-4023-8CAF-129A04E4FDD8}.Debug|Any CPU.ActiveCfg = Debug|Any CPU
		{DCCFA5C8-B3E6-4023-8CAF-129A04E4FDD8}.Debug|Any CPU.Build.0 = Debug|Any CPU
		{DCCFA5C8-B3E6-4023-8CAF-129A04E4FDD8}.Release|Any CPU.ActiveCfg = Release|Any CPU
		{DCCFA5C8-B3E6-4023-8CAF-129A04E4FDD8}.Release|Any CPU.Build.0 = Release|Any CPU
		{22077595-F4DC-4B62-827C-523837FE9D9D}.Debug|Any CPU.ActiveCfg = Debug|Any CPU
		{22077595-F4DC-4B62-827C-523837FE9D9D}.Debug|Any CPU.Build.0 = Debug|Any CPU
		{22077595-F4DC-4B62-827C-523837FE9D9D}.Release|Any CPU.ActiveCfg = Release|Any CPU
		{22077595-F4DC-4B62-827C-523837FE9D9D}.Release|Any CPU.Build.0 = Release|Any CPU
	EndGlobalSection
	GlobalSection(SolutionProperties) = preSolution
		HideSolutionNode = FALSE
	EndGlobalSection
	GlobalSection(ExtensibilityGlobals) = postSolution
		SolutionGuid = {62553EB8-50EB-4202-815E-7663BE319A3E}
	EndGlobalSection
EndGlobal
